
Microsoft Visual Studio Solution File, Format Version 12.00
# Visual Studio Version 17
VisualStudioVersion = 17.10.35013.160
MinimumVisualStudioVersion = 10.0.40219.1
Project("{FAE04EC0-301F-11D3-BF4B-00C04F79EFBC}") = "NZWalks.API", "NZWalks.API\NZWalks.API.csproj", "{C669CC0F-A108-4AA8-999A-C81116DA7138}"
EndProject
Global
	GlobalSection(SolutionConfigurationPlatforms) = preSolution
		Debug|Any CPU = Debug|Any CPU
		Release|Any CPU = Release|Any CPU
	EndGlobalSection
	GlobalSection(ProjectConfigurationPlatforms) = postSolution
		{C669CC0F-A108-4AA8-999A-C81116DA7138}.Debug|Any CPU.ActiveCfg = Debug|Any CPU
		{C669CC0F-A108-4AA8-999A-C81116DA7138}.Debug|Any CPU.Build.0 = Debug|Any CPU
		{C669CC0F-A108-4AA8-999A-C81116DA7138}.Release|Any CPU.ActiveCfg = Release|Any CPU
		{C669CC0F-A108-4AA8-999A-C81116DA7138}.Release|Any CPU.Build.0 = Release|Any CPU
	EndGlobalSection
	GlobalSection(SolutionProperties) = preSolution
		HideSolutionNode = FALSE
	EndGlobalSection
	GlobalSection(ExtensibilityGlobals) = postSolution
		SolutionGuid = {E1A62D07-C168-45A7-9A06-64CE8D314BC0}
	EndGlobalSection
EndGlobal
