
Microsoft Visual Studio Solution File, Format Version 12.00
# Visual Studio Version 17
VisualStudioVersion = 17.10.35013.160
MinimumVisualStudioVersion = 10.0.40219.1
Project("{9A19103F-16F7-4668-BE54-9A1E7A4F7556}") = "NZWalks.API", "NZWalks.API\NZWalks.API.csproj", "{C669CC0F-A108-4AA8-999A-C81116DA7138}"
EndProject
Project("{FAE04EC0-301F-11D3-BF4B-00C04F79EFBC}") = "NZWalks.Test", "NZWalks.Test\NZWalks.Test.csproj", "{05A0A1A7-67A5-4B58-B874-A390F3863028}"
EndProject
Global
	GlobalSection(SolutionConfigurationPlatforms) = preSolution
		Debug|Any CPU = Debug|Any CPU
		Release|Any CPU = Release|Any CPU
	EndGlobalSection
	GlobalSection(ProjectConfigurationPlatforms) = postSolution
		{C669CC0F-A108-4AA8-999A-C81116DA7138}.Debug|Any CPU.ActiveCfg = Debug|Any CPU
		{C669CC0F-A108-4AA8-999A-C81116DA7138}.Debug|Any CPU.Build.0 = Debug|Any CPU
		{C669CC0F-A108-4AA8-999A-C81116DA7138}.Release|Any CPU.ActiveCfg = Release|Any CPU
		{C669CC0F-A108-4AA8-999A-C81116DA7138}.Release|Any CPU.Build.0 = Release|Any CPU
		{05A0A1A7-67A5-4B58-B874-A390F3863028}.Debug|Any CPU.ActiveCfg = Debug|Any CPU
		{05A0A1A7-67A5-4B58-B874-A390F3863028}.Debug|Any CPU.Build.0 = Debug|Any CPU
		{05A0A1A7-67A5-4B58-B874-A390F3863028}.Release|Any CPU.ActiveCfg = Release|Any CPU
		{05A0A1A7-67A5-4B58-B874-A390F3863028}.Release|Any CPU.Build.0 = Release|Any CPU
	EndGlobalSection
	GlobalSection(SolutionProperties) = preSolution
		HideSolutionNode = FALSE
	EndGlobalSection
	GlobalSection(ExtensibilityGlobals) = postSolution
		SolutionGuid = {E1A62D07-C168-45A7-9A06-64CE8D314BC0}
	EndGlobalSection
EndGlobal
